
Microsoft Visual Studio Solution File, Format Version 12.00
# Visual Studio Version 17
VisualStudioVersion = 17.0.32112.339
MinimumVisualStudioVersion = 10.0.40219.1
Project("{9A19103F-16F7-4668-BE54-9A1E7A4F7556}") = "CalculoCDB_Backend", "CalculoCDB_Backend\CalculoCDB_Backend.csproj", "{DDF053A7-A5F8-4A41-B20E-74EC271B1042}"
EndProject
Project("{FAE04EC0-301F-11D3-BF4B-00C04F79EFBC}") = "CalculoCDB_Frontend", "CalculoCDB_Frontend\CalculoCDB_Frontend.csproj", "{C6EE684E-04CC-4063-86FF-5EC144A9EFCE}"
EndProject
Global
	GlobalSection(SolutionConfigurationPlatforms) = preSolution
		Debug|Any CPU = Debug|Any CPU
		Release|Any CPU = Release|Any CPU
	EndGlobalSection
	GlobalSection(ProjectConfigurationPlatforms) = postSolution
		{DDF053A7-A5F8-4A41-B20E-74EC271B1042}.Debug|Any CPU.ActiveCfg = Debug|Any CPU
		{DDF053A7-A5F8-4A41-B20E-74EC271B1042}.Debug|Any CPU.Build.0 = Debug|Any CPU
		{DDF053A7-A5F8-4A41-B20E-74EC271B1042}.Release|Any CPU.ActiveCfg = Release|Any CPU
		{DDF053A7-A5F8-4A41-B20E-74EC271B1042}.Release|Any CPU.Build.0 = Release|Any CPU
		{C6EE684E-04CC-4063-86FF-5EC144A9EFCE}.Debug|Any CPU.ActiveCfg = Debug|Any CPU
		{C6EE684E-04CC-4063-86FF-5EC144A9EFCE}.Debug|Any CPU.Build.0 = Debug|Any CPU
		{C6EE684E-04CC-4063-86FF-5EC144A9EFCE}.Release|Any CPU.ActiveCfg = Release|Any CPU
		{C6EE684E-04CC-4063-86FF-5EC144A9EFCE}.Release|Any CPU.Build.0 = Release|Any CPU
	EndGlobalSection
	GlobalSection(SolutionProperties) = preSolution
		HideSolutionNode = FALSE
	EndGlobalSection
	GlobalSection(ExtensibilityGlobals) = postSolution
		SolutionGuid = {2D9DE608-C316-4F7A-BA54-AED4EBD36D63}
	EndGlobalSection
EndGlobal
